
Microsoft Visual Studio Solution File, Format Version 12.00
# Visual Studio Version 17
VisualStudioVersion = 17.2.32516.85
MinimumVisualStudioVersion = 10.0.40219.1
Project("{FAE04EC0-301F-11D3-BF4B-00C04F79EFBC}") = "WinFormsApp1", "WinFormsApp1\WinFormsApp1.csproj", "{89FB6C19-7295-4C2A-A7CD-164CB61A7DCA}"
EndProject
Global
	GlobalSection(SolutionConfigurationPlatforms) = preSolution
		Debug|Any CPU = Debug|Any CPU
		Release|Any CPU = Release|Any CPU
	EndGlobalSection
	GlobalSection(ProjectConfigurationPlatforms) = postSolution
		{89FB6C19-7295-4C2A-A7CD-164CB61A7DCA}.Debug|Any CPU.ActiveCfg = Debug|Any CPU
		{89FB6C19-7295-4C2A-A7CD-164CB61A7DCA}.Debug|Any CPU.Build.0 = Debug|Any CPU
		{89FB6C19-7295-4C2A-A7CD-164CB61A7DCA}.Release|Any CPU.ActiveCfg = Release|Any CPU
		{89FB6C19-7295-4C2A-A7CD-164CB61A7DCA}.Release|Any CPU.Build.0 = Release|Any CPU
	EndGlobalSection
	GlobalSection(SolutionProperties) = preSolution
		HideSolutionNode = FALSE
	EndGlobalSection
	GlobalSection(ExtensibilityGlobals) = postSolution
		SolutionGuid = {78489BF0-4FE3-4D16-8A78-92F9CDDD5D2F}
	EndGlobalSection
EndGlobal
